
Microsoft Visual Studio Solution File, Format Version 12.00
# Visual Studio 15
VisualStudioVersion = 15.0.27703.2047
MinimumVisualStudioVersion = 10.0.40219.1
Project("{FAE04EC0-301F-11D3-BF4B-00C04F79EFBC}") = "Kurganskiy_AS_game", "Kurganskiy_AS_game.csproj", "{EEAEE322-BE8F-4E41-B352-3818CC959910}"
EndProject
Global
	GlobalSection(SolutionConfigurationPlatforms) = preSolution
		Debug|Any CPU = Debug|Any CPU
		Release|Any CPU = Release|Any CPU
	EndGlobalSection
	GlobalSection(ProjectConfigurationPlatforms) = postSolution
		{EEAEE322-BE8F-4E41-B352-3818CC959910}.Debug|Any CPU.ActiveCfg = Debug|Any CPU
		{EEAEE322-BE8F-4E41-B352-3818CC959910}.Debug|Any CPU.Build.0 = Debug|Any CPU
		{EEAEE322-BE8F-4E41-B352-3818CC959910}.Release|Any CPU.ActiveCfg = Release|Any CPU
		{EEAEE322-BE8F-4E41-B352-3818CC959910}.Release|Any CPU.Build.0 = Release|Any CPU
	EndGlobalSection
	GlobalSection(SolutionProperties) = preSolution
		HideSolutionNode = FALSE
	EndGlobalSection
	GlobalSection(ExtensibilityGlobals) = postSolution
		SolutionGuid = {7460362D-B06A-4B61-AA2D-2A3D33A8B995}
	EndGlobalSection
EndGlobal
